{
  "name": "El_Kindy_Project",
  "lockfileVersion": 3,
  "requires": true,
  "packages": {
    "": {
      "dependencies": {
        "@zegocloud/zego-uikit-prebuilt": "^1.11.0"
      }
    },
    "node_modules/@zegocloud/zego-uikit-prebuilt": {
      "version": "1.11.0",
      "resolved": "https://registry.npmjs.org/@zegocloud/zego-uikit-prebuilt/-/zego-uikit-prebuilt-1.11.0.tgz",
      "integrity": "sha512-CAtt3NPh6ZmP7FOJRHlceLKXHaLQK8tqQbTm/j3gH40GOcZ5iCVbLkLH/frrj2u33K6FUzfJKjlLtxRPVWIhMA=="
    }
  }
}
